
Microsoft Visual Studio Solution File, Format Version 12.00
# Visual Studio Version 17
VisualStudioVersion = 17.12.35410.144 d17.12
MinimumVisualStudioVersion = 10.0.40219.1
Project("{FAE04EC0-301F-11D3-BF4B-00C04F79EFBC}") = "CoreApp.Ai.Macros", "CoreApp.Ai.Macros.csproj", "{7F25CDFE-4000-43D8-8908-32ADC7C5C459}"
EndProject
Project("{FAE04EC0-301F-11D3-BF4B-00C04F79EFBC}") = "CoreApp.Ai.Macros.Tests", "..\CoreApp.Ai.Macros.Tests\CoreApp.Ai.Macros.Tests.csproj", "{E17AB1A3-170C-4B93-B660-F278644F3648}"
EndProject
Global
	GlobalSection(SolutionConfigurationPlatforms) = preSolution
		Debug|Any CPU = Debug|Any CPU
		Release|Any CPU = Release|Any CPU
	EndGlobalSection
	GlobalSection(ProjectConfigurationPlatforms) = postSolution
		{7F25CDFE-4000-43D8-8908-32ADC7C5C459}.Debug|Any CPU.ActiveCfg = Debug|Any CPU
		{7F25CDFE-4000-43D8-8908-32ADC7C5C459}.Debug|Any CPU.Build.0 = Debug|Any CPU
		{7F25CDFE-4000-43D8-8908-32ADC7C5C459}.Release|Any CPU.ActiveCfg = Release|Any CPU
		{7F25CDFE-4000-43D8-8908-32ADC7C5C459}.Release|Any CPU.Build.0 = Release|Any CPU
		{E17AB1A3-170C-4B93-B660-F278644F3648}.Debug|Any CPU.ActiveCfg = Debug|Any CPU
		{E17AB1A3-170C-4B93-B660-F278644F3648}.Debug|Any CPU.Build.0 = Debug|Any CPU
		{E17AB1A3-170C-4B93-B660-F278644F3648}.Release|Any CPU.ActiveCfg = Release|Any CPU
		{E17AB1A3-170C-4B93-B660-F278644F3648}.Release|Any CPU.Build.0 = Release|Any CPU
	EndGlobalSection
	GlobalSection(SolutionProperties) = preSolution
		HideSolutionNode = FALSE
	EndGlobalSection
EndGlobal
